
Microsoft Visual Studio Solution File, Format Version 12.00
# Visual Studio Version 17
VisualStudioVersion = 17.4.33213.308
MinimumVisualStudioVersion = 10.0.40219.1
Project("{9A19103F-16F7-4668-BE54-9A1E7A4F7556}") = "EstanteLivros", "EstanteLivros\EstanteLivros.csproj", "{C0E1E76A-2A95-4A04-AE80-63160343A22B}"
EndProject
Global
	GlobalSection(SolutionConfigurationPlatforms) = preSolution
		Debug|Any CPU = Debug|Any CPU
		Release|Any CPU = Release|Any CPU
	EndGlobalSection
	GlobalSection(ProjectConfigurationPlatforms) = postSolution
		{C0E1E76A-2A95-4A04-AE80-63160343A22B}.Debug|Any CPU.ActiveCfg = Debug|Any CPU
		{C0E1E76A-2A95-4A04-AE80-63160343A22B}.Debug|Any CPU.Build.0 = Debug|Any CPU
		{C0E1E76A-2A95-4A04-AE80-63160343A22B}.Release|Any CPU.ActiveCfg = Release|Any CPU
		{C0E1E76A-2A95-4A04-AE80-63160343A22B}.Release|Any CPU.Build.0 = Release|Any CPU
	EndGlobalSection
	GlobalSection(SolutionProperties) = preSolution
		HideSolutionNode = FALSE
	EndGlobalSection
	GlobalSection(ExtensibilityGlobals) = postSolution
		SolutionGuid = {E890543C-CEE9-4F9E-AACB-E58FCA5DDB2E}
	EndGlobalSection
EndGlobal
